
Microsoft Visual Studio Solution File, Format Version 12.00
# Visual Studio 2015
Project("{FAE04EC0-301F-11D3-BF4B-00C04F79EFBC}") = "Parkinson_Disease_Therapeutic_Game.Plugins", "Parkinson_Disease_Therapeutic_Game.Plugins.csproj", "{C8D8C9D6-CA32-2A0A-713E-01C733FCFD3D}"
EndProject
Project("{FAE04EC0-301F-11D3-BF4B-00C04F79EFBC}") = "Parkinson_Disease_Therapeutic_Game", "Parkinson_Disease_Therapeutic_Game.csproj", "{99A8DEEE-0977-79B1-015B-896737591642}"
EndProject
Project("{FAE04EC0-301F-11D3-BF4B-00C04F79EFBC}") = "Parkinson_Disease_Therapeutic_Game.Editor.Plugins", "Parkinson_Disease_Therapeutic_Game.Editor.Plugins.csproj", "{EA2F4E39-22F7-56FC-D8C3-1696077F693D}"
EndProject
Global
	GlobalSection(SolutionConfigurationPlatforms) = preSolution
		Debug|Any CPU = Debug|Any CPU
		Release|Any CPU = Release|Any CPU
	EndGlobalSection
	GlobalSection(ProjectConfigurationPlatforms) = postSolution
		{C8D8C9D6-CA32-2A0A-713E-01C733FCFD3D}.Debug|Any CPU.ActiveCfg = Debug|Any CPU
		{C8D8C9D6-CA32-2A0A-713E-01C733FCFD3D}.Debug|Any CPU.Build.0 = Debug|Any CPU
		{C8D8C9D6-CA32-2A0A-713E-01C733FCFD3D}.Release|Any CPU.ActiveCfg = Release|Any CPU
		{C8D8C9D6-CA32-2A0A-713E-01C733FCFD3D}.Release|Any CPU.Build.0 = Release|Any CPU
		{99A8DEEE-0977-79B1-015B-896737591642}.Debug|Any CPU.ActiveCfg = Debug|Any CPU
		{99A8DEEE-0977-79B1-015B-896737591642}.Debug|Any CPU.Build.0 = Debug|Any CPU
		{99A8DEEE-0977-79B1-015B-896737591642}.Release|Any CPU.ActiveCfg = Release|Any CPU
		{99A8DEEE-0977-79B1-015B-896737591642}.Release|Any CPU.Build.0 = Release|Any CPU
		{EA2F4E39-22F7-56FC-D8C3-1696077F693D}.Debug|Any CPU.ActiveCfg = Debug|Any CPU
		{EA2F4E39-22F7-56FC-D8C3-1696077F693D}.Debug|Any CPU.Build.0 = Debug|Any CPU
		{EA2F4E39-22F7-56FC-D8C3-1696077F693D}.Release|Any CPU.ActiveCfg = Release|Any CPU
		{EA2F4E39-22F7-56FC-D8C3-1696077F693D}.Release|Any CPU.Build.0 = Release|Any CPU
	EndGlobalSection
	GlobalSection(SolutionProperties) = preSolution
		HideSolutionNode = FALSE
	EndGlobalSection
EndGlobal
